
Microsoft Visual Studio Solution File, Format Version 12.00
# Visual Studio 14
VisualStudioVersion = 14.0.25420.1
MinimumVisualStudioVersion = 10.0.40219.1
Project("{FAE04EC0-301F-11D3-BF4B-00C04F79EFBC}") = "ConnectFourServer", "ConnectFourServer\ConnectFourServer.csproj", "{4F9AC395-7E6D-4F61-A13D-8F4BA9FDC28E}"
EndProject
Project("{FAE04EC0-301F-11D3-BF4B-00C04F79EFBC}") = "ConnectFourDBCore", "ConnectFourDBCore\ConnectFourDBCore.csproj", "{18790E87-D595-4261-AD81-7868E237328E}"
EndProject
Global
	GlobalSection(SolutionConfigurationPlatforms) = preSolution
		Debug|Any CPU = Debug|Any CPU
		Release|Any CPU = Release|Any CPU
	EndGlobalSection
	GlobalSection(ProjectConfigurationPlatforms) = postSolution
		{4F9AC395-7E6D-4F61-A13D-8F4BA9FDC28E}.Debug|Any CPU.ActiveCfg = Debug|Any CPU
		{4F9AC395-7E6D-4F61-A13D-8F4BA9FDC28E}.Debug|Any CPU.Build.0 = Debug|Any CPU
		{4F9AC395-7E6D-4F61-A13D-8F4BA9FDC28E}.Release|Any CPU.ActiveCfg = Release|Any CPU
		{4F9AC395-7E6D-4F61-A13D-8F4BA9FDC28E}.Release|Any CPU.Build.0 = Release|Any CPU
		{18790E87-D595-4261-AD81-7868E237328E}.Debug|Any CPU.ActiveCfg = Debug|Any CPU
		{18790E87-D595-4261-AD81-7868E237328E}.Debug|Any CPU.Build.0 = Debug|Any CPU
		{18790E87-D595-4261-AD81-7868E237328E}.Release|Any CPU.ActiveCfg = Release|Any CPU
		{18790E87-D595-4261-AD81-7868E237328E}.Release|Any CPU.Build.0 = Release|Any CPU
	EndGlobalSection
	GlobalSection(SolutionProperties) = preSolution
		HideSolutionNode = FALSE
	EndGlobalSection
EndGlobal
